
Microsoft Visual Studio Solution File, Format Version 12.00
# Visual Studio 15
VisualStudioVersion = 15.0.26730.12
MinimumVisualStudioVersion = 10.0.40219.1
Project("{FAE04EC0-301F-11D3-BF4B-00C04F79EFBC}") = "ContactsWebApi", "ContactsWebApi\ContactsWebApi.csproj", "{22458533-D234-40FB-9519-E3A19FFD3501}"
EndProject
Global
	GlobalSection(SolutionConfigurationPlatforms) = preSolution
		Debug|Any CPU = Debug|Any CPU
		Release|Any CPU = Release|Any CPU
	EndGlobalSection
	GlobalSection(ProjectConfigurationPlatforms) = postSolution
		{22458533-D234-40FB-9519-E3A19FFD3501}.Debug|Any CPU.ActiveCfg = Debug|Any CPU
		{22458533-D234-40FB-9519-E3A19FFD3501}.Debug|Any CPU.Build.0 = Debug|Any CPU
		{22458533-D234-40FB-9519-E3A19FFD3501}.Release|Any CPU.ActiveCfg = Release|Any CPU
		{22458533-D234-40FB-9519-E3A19FFD3501}.Release|Any CPU.Build.0 = Release|Any CPU
	EndGlobalSection
	GlobalSection(SolutionProperties) = preSolution
		HideSolutionNode = FALSE
	EndGlobalSection
	GlobalSection(ExtensibilityGlobals) = postSolution
		SolutionGuid = {7EF0E361-4609-43CC-B52D-42BC8F07C6BD}
	EndGlobalSection
EndGlobal
